
Microsoft Visual Studio Solution File, Format Version 12.00
# Visual Studio Version 17
VisualStudioVersion = 17.5.2.0
MinimumVisualStudioVersion = 10.0.40219.1
Project("{FAE04EC0-301F-11D3-BF4B-00C04F79EFBC}") = "Estoque_Agil", "Estoque_Agil.csproj", "{7B5AE7B9-535D-CD97-ECF1-28573736D879}"
EndProject
Project("{FAE04EC0-301F-11D3-BF4B-00C04F79EFBC}") = "EstoqueAgil.Tests", "Tests\EstoqueAgil.Tests.csproj", "{7F487FFE-7F10-4770-8DAA-C3ABB7D72040}"
EndProject
Global
	GlobalSection(SolutionConfigurationPlatforms) = preSolution
		Debug|Any CPU = Debug|Any CPU
		Debug|x64 = Debug|x64
		Debug|x86 = Debug|x86
		Release|Any CPU = Release|Any CPU
		Release|x64 = Release|x64
		Release|x86 = Release|x86
	EndGlobalSection
	GlobalSection(ProjectConfigurationPlatforms) = postSolution
		{7B5AE7B9-535D-CD97-ECF1-28573736D879}.Debug|Any CPU.ActiveCfg = Debug|Any CPU
		{7B5AE7B9-535D-CD97-ECF1-28573736D879}.Debug|Any CPU.Build.0 = Debug|Any CPU
		{7B5AE7B9-535D-CD97-ECF1-28573736D879}.Debug|x64.ActiveCfg = Debug|Any CPU
		{7B5AE7B9-535D-CD97-ECF1-28573736D879}.Debug|x64.Build.0 = Debug|Any CPU
		{7B5AE7B9-535D-CD97-ECF1-28573736D879}.Debug|x86.ActiveCfg = Debug|Any CPU
		{7B5AE7B9-535D-CD97-ECF1-28573736D879}.Debug|x86.Build.0 = Debug|Any CPU
		{7B5AE7B9-535D-CD97-ECF1-28573736D879}.Release|Any CPU.ActiveCfg = Release|Any CPU
		{7B5AE7B9-535D-CD97-ECF1-28573736D879}.Release|Any CPU.Build.0 = Release|Any CPU
		{7B5AE7B9-535D-CD97-ECF1-28573736D879}.Release|x64.ActiveCfg = Release|Any CPU
		{7B5AE7B9-535D-CD97-ECF1-28573736D879}.Release|x64.Build.0 = Release|Any CPU
		{7B5AE7B9-535D-CD97-ECF1-28573736D879}.Release|x86.ActiveCfg = Release|Any CPU
		{7B5AE7B9-535D-CD97-ECF1-28573736D879}.Release|x86.Build.0 = Release|Any CPU
		{7F487FFE-7F10-4770-8DAA-C3ABB7D72040}.Debug|Any CPU.ActiveCfg = Debug|Any CPU
		{7F487FFE-7F10-4770-8DAA-C3ABB7D72040}.Debug|Any CPU.Build.0 = Debug|Any CPU
		{7F487FFE-7F10-4770-8DAA-C3ABB7D72040}.Debug|x64.ActiveCfg = Debug|Any CPU
		{7F487FFE-7F10-4770-8DAA-C3ABB7D72040}.Debug|x64.Build.0 = Debug|Any CPU
		{7F487FFE-7F10-4770-8DAA-C3ABB7D72040}.Debug|x86.ActiveCfg = Debug|Any CPU
		{7F487FFE-7F10-4770-8DAA-C3ABB7D72040}.Debug|x86.Build.0 = Debug|Any CPU
		{7F487FFE-7F10-4770-8DAA-C3ABB7D72040}.Release|Any CPU.ActiveCfg = Release|Any CPU
		{7F487FFE-7F10-4770-8DAA-C3ABB7D72040}.Release|Any CPU.Build.0 = Release|Any CPU
		{7F487FFE-7F10-4770-8DAA-C3ABB7D72040}.Release|x64.ActiveCfg = Release|Any CPU
		{7F487FFE-7F10-4770-8DAA-C3ABB7D72040}.Release|x64.Build.0 = Release|Any CPU
		{7F487FFE-7F10-4770-8DAA-C3ABB7D72040}.Release|x86.ActiveCfg = Release|Any CPU
		{7F487FFE-7F10-4770-8DAA-C3ABB7D72040}.Release|x86.Build.0 = Release|Any CPU
	EndGlobalSection
	GlobalSection(SolutionProperties) = preSolution
		HideSolutionNode = FALSE
	EndGlobalSection
	GlobalSection(ExtensibilityGlobals) = postSolution
		SolutionGuid = {D7DCE5E8-5ED5-4A16-8FBF-07B43CA05562}
	EndGlobalSection
EndGlobal
